// !$*UTF8*$!
{
	archiveVersion = 1;
	classes = {
	};
	objectVersion = 77;
	objects = {

/* Begin PBXBuildFile section */
		00246FE80FB9081115E35592 /* TaskRowView.swift in Sources */ = {isa = PBXBuildFile; fileRef = B7CFE4764071A137C085A532 /* TaskRowView.swift */; };
		00576F27B36B04899EC212A1 /* MarkdownEditorView.swift in Sources */ = {isa = PBXBuildFile; fileRef = D4FD47EACD0A645BDC107302 /* MarkdownEditorView.swift */; };
		00B4EF7F4686659A70D04C47 /* HabitRowView.swift in Sources */ = {isa = PBXBuildFile; fileRef = C3183219A70211E0737DFDF9 /* HabitRowView.swift */; };
		05C96E467E743790C36C002E /* MarkdownUI in Frameworks */ = {isa = PBXBuildFile; productRef = 2143775E5273D56196A96D54 /* MarkdownUI */; };
		07678012B553FE77AC2B1340 /* GoalListView.swift in Sources */ = {isa = PBXBuildFile; fileRef = 98D750D9941DC3B966BFAE8C /* GoalListView.swift */; };
		119BA34733EB7E3C43F0BB9D /* NoteViewModel.swift in Sources */ = {isa = PBXBuildFile; fileRef = 450B27AC0E23CD677C79B1E8 /* NoteViewModel.swift */; };
		1FBC73743B90F1D51FC900B9 /* WeeklyReviewView.swift in Sources */ = {isa = PBXBuildFile; fileRef = 885AB0F1C5D6FBBEBB752F60 /* WeeklyReviewView.swift */; };
		212A5D23F7CC1F633E7090BD /* VimMotions.swift in Sources */ = {isa = PBXBuildFile; fileRef = C4C34D9EC5956D72B5FC2730 /* VimMotions.swift */; };
		23C454AB11A7E777C571ED1D /* ForgeApp.swift in Sources */ = {isa = PBXBuildFile; fileRef = 9CAF136A2212C7BAAD8461CD /* ForgeApp.swift */; };
		28C9810AFF460DE0AE32404C /* AppDatabase.swift in Sources */ = {isa = PBXBuildFile; fileRef = 73EE41534C4F30FD39153A02 /* AppDatabase.swift */; };
		28E76C9AE2A4C9BB457D2DB4 /* Task.swift in Sources */ = {isa = PBXBuildFile; fileRef = CC4FD49B9F0E4B339A05E56E /* Task.swift */; };
		2ADE0ECDF64BA1EA7DEBD8F0 /* Color+Hex.swift in Sources */ = {isa = PBXBuildFile; fileRef = BF9E1733A23C3F3DF8D7B83F /* Color+Hex.swift */; };
		2F4F5A5F2BA3EF5ADD4A88E0 /* WeeklyReviewViewModel.swift in Sources */ = {isa = PBXBuildFile; fileRef = EB95D886C3DC1F76925C2FD6 /* WeeklyReviewViewModel.swift */; };
		368BDBD4650B01E316072992 /* BoardColumnView.swift in Sources */ = {isa = PBXBuildFile; fileRef = 46F0BB2131830DDF96668427 /* BoardColumnView.swift */; };
		3ECE925910C82F7CB19798BC /* PerspectiveEditorSheet.swift in Sources */ = {isa = PBXBuildFile; fileRef = 2D5213C2B6B81B3AA1DCA1DC /* PerspectiveEditorSheet.swift */; };
		3EEC2883D22ECB799240BA63 /* HabitListView.swift in Sources */ = {isa = PBXBuildFile; fileRef = EED15E2D2E12EA92FE5821F2 /* HabitListView.swift */; };
		42218C9A720958F979399E9B /* HabitDetailView.swift in Sources */ = {isa = PBXBuildFile; fileRef = 2868418901094F0FDD151F9E /* HabitDetailView.swift */; };
		424C217B19259C102A5DA3D8 /* ActivityMonitor.swift in Sources */ = {isa = PBXBuildFile; fileRef = F26FF852ECF3AE6D3BEB8248 /* ActivityMonitor.swift */; };
		4573003708E609331952D454 /* ActivityRepository.swift in Sources */ = {isa = PBXBuildFile; fileRef = F911FFBCA04F273A2AE83165 /* ActivityRepository.swift */; };
		48838686A3485A5C5A92BD9D /* BoardView.swift in Sources */ = {isa = PBXBuildFile; fileRef = 8A2AF49B05D8CD4238B5C9A6 /* BoardView.swift */; };
		4B672E21492B4EFC5CC28A50 /* ProjectRepository.swift in Sources */ = {isa = PBXBuildFile; fileRef = C6876C7CDFECDF1AA0DEB5EA /* ProjectRepository.swift */; };
		4E353DD84E747CCAAC3E9A85 /* AppDelegate.swift in Sources */ = {isa = PBXBuildFile; fileRef = 749EB54C1D9FD07119776AA4 /* AppDelegate.swift */; };
		502E7E2ACCA51C0C78C1C1DB /* AppState.swift in Sources */ = {isa = PBXBuildFile; fileRef = 521DA2F35106996D8C88AE6D /* AppState.swift */; };
		539B1A40AE32A2E9CB65D3CF /* CalendarView.swift in Sources */ = {isa = PBXBuildFile; fileRef = 76B0BE0A0036400C5B9C4FEC /* CalendarView.swift */; };
		53C736B2E8442922E57E01A7 /* CalendarEvent.swift in Sources */ = {isa = PBXBuildFile; fileRef = 7DD366B85F2F4A9ABF5D88B4 /* CalendarEvent.swift */; };
		5B2E9DF72DE3F7769D17BC21 /* CalendarDetailView.swift in Sources */ = {isa = PBXBuildFile; fileRef = 6F1F96807D133F67411816C7 /* CalendarDetailView.swift */; };
		5E79D2FC5F0D15A5A1044D27 /* CalendarDayDetailViewModel.swift in Sources */ = {isa = PBXBuildFile; fileRef = 363CBDE865F35F031C2C2FDF /* CalendarDayDetailViewModel.swift */; };
		5E79D2FD5F0D15A5A1044D27 /* CalendarEventProvider.swift in Sources */ = {isa = PBXBuildFile; fileRef = 9E4CBB2D78659BB0A7A6C20E /* CalendarEventProvider.swift */; };
		56A0A611838A653585AF70C0 /* ProjectEditorSheet.swift in Sources */ = {isa = PBXBuildFile; fileRef = 375124733BB3DD5537EC060F /* ProjectEditorSheet.swift */; };
		5964CBC4BF577D59EB102B62 /* Goal.swift in Sources */ = {isa = PBXBuildFile; fileRef = 83FB21CAF3048C9243E54BDA /* Goal.swift */; };
		598C04F71D90DAF8B9B88556 /* VimState.swift in Sources */ = {isa = PBXBuildFile; fileRef = EEC991B8564280477D16A8D5 /* VimState.swift */; };
		5E45070F9EA3C6438A9B60E6 /* KeyboardShortcuts in Frameworks */ = {isa = PBXBuildFile; productRef = 22B3F54939D8563083E5E398 /* KeyboardShortcuts */; };
		64DAB72160CDD48CA4B5F1AF /* TagRepository.swift in Sources */ = {isa = PBXBuildFile; fileRef = E02791D6B9D9977B35063DBA /* TagRepository.swift */; };
		6533889317C1F9FBE3653976 /* GoalDetailView.swift in Sources */ = {isa = PBXBuildFile; fileRef = 35445E549CC8C1F0CCD50971 /* GoalDetailView.swift */; };
		6E17C0B10410EFF44918F719 /* Tag.swift in Sources */ = {isa = PBXBuildFile; fileRef = 01A7405BBB89F4217736C827 /* Tag.swift */; };
		6F373EA8C2F8BEF476C23EF9 /* Perspective.swift in Sources */ = {isa = PBXBuildFile; fileRef = 48A59C2B5C4DCB929E4857DB /* Perspective.swift */; };
		70A6772FFDB1CD772B60F4AB /* GoalTimelineView.swift in Sources */ = {isa = PBXBuildFile; fileRef = 1376B0523D945E3A0ADDC08C /* GoalTimelineView.swift */; };
		737264A9EB1C83A3F4B5F827 /* InitiativeDetailView.swift in Sources */ = {isa = PBXBuildFile; fileRef = C36768F7CC18F5268DC6FC16 /* InitiativeDetailView.swift */; };
		7B4B1B0341CDB16CADC31A64 /* WeeklyReviewRepository.swift in Sources */ = {isa = PBXBuildFile; fileRef = 29696C9590B6F17186B87164 /* WeeklyReviewRepository.swift */; };
		7C3FB7B7536E68C47C18C59A /* PerspectiveRepository.swift in Sources */ = {isa = PBXBuildFile; fileRef = AF2DBB9C6A755401F09769D3 /* PerspectiveRepository.swift */; };
		864DF34E61051D00F5186FCC /* NoteListView.swift in Sources */ = {isa = PBXBuildFile; fileRef = E465A9E6BE8CBC6C8D286ECB /* NoteListView.swift */; };
		879EF70DECEEB153D2ABB8B8 /* Board.swift in Sources */ = {isa = PBXBuildFile; fileRef = 6A0C81D1386108AD0CBF4FB2 /* Board.swift */; };
		89A9FA3FFD2A730C4960E385 /* BoardViewModel.swift in Sources */ = {isa = PBXBuildFile; fileRef = 5AE8634C12F494AD87C70B67 /* BoardViewModel.swift */; };
		8B049FBC450AB53F586EE7BC /* ActivityDashboardView.swift in Sources */ = {isa = PBXBuildFile; fileRef = 5C85B9965E15FA78398221B7 /* ActivityDashboardView.swift */; };
		8C25A796DBD51518CF76B31C /* NoteRepository.swift in Sources */ = {isa = PBXBuildFile; fileRef = A8BC687225BC30388FC3D4E3 /* NoteRepository.swift */; };
		8C587C1CBE212572A3138A01 /* TaskListView.swift in Sources */ = {isa = PBXBuildFile; fileRef = 633AFE2C9BBB40A4846525A2 /* TaskListView.swift */; };
		8D20406F9D42581BAD23A275 /* Initiative.swift in Sources */ = {isa = PBXBuildFile; fileRef = 0B351885485E26E75D2BB8E1 /* Initiative.swift */; };
		8E46AB1B9AAF1454AC5014DA /* ActivityViewModel.swift in Sources */ = {isa = PBXBuildFile; fileRef = 5D09D6143A6691645B1AE623 /* ActivityViewModel.swift */; };
		90747E9F40D3407265FB0B9C /* AppCategoryPicker.swift in Sources */ = {isa = PBXBuildFile; fileRef = 9970950CF60ED459690300C4 /* AppCategoryPicker.swift */; };
		925193F33AEBA88D51A933EF /* DailyNoteListView.swift in Sources */ = {isa = PBXBuildFile; fileRef = 17B0F7EAEFC30E86FFADC75E /* DailyNoteListView.swift */; };
		93ED603F699DD4CF8DFB0A27 /* VimOperators.swift in Sources */ = {isa = PBXBuildFile; fileRef = C13F5670A09A2A0B26559983 /* VimOperators.swift */; };
		998F7E29B7D4B04B7D713277 /* BoardRepository.swift in Sources */ = {isa = PBXBuildFile; fileRef = 451D85DCA5FF7A519DE1BEFE /* BoardRepository.swift */; };
		9E2EDB88BEAD52C7320FC4CB /* QuickCaptureView.swift in Sources */ = {isa = PBXBuildFile; fileRef = 5FCD3160D22525DBF13954EB /* QuickCaptureView.swift */; };
		A4CFED7D18B7ACB6A8B9F89E /* PerspectiveTaskListView.swift in Sources */ = {isa = PBXBuildFile; fileRef = C2E13FFCF8D5562CDCC5BADE /* PerspectiveTaskListView.swift */; };
		AFD6C7B57125B2FF275C1637 /* ProjectListViewModel.swift in Sources */ = {isa = PBXBuildFile; fileRef = 34D1C4FCD4125F0674872648 /* ProjectListViewModel.swift */; };
		B04D1337BC5953A5F2DF203C /* ActivityLog.swift in Sources */ = {isa = PBXBuildFile; fileRef = 8CCC4FCC8470AADC64681337 /* ActivityLog.swift */; };
		B0DB98501F153FC84DD4DAD7 /* MainNavigationView.swift in Sources */ = {isa = PBXBuildFile; fileRef = 47F0BA2369A4B22E55A1955E /* MainNavigationView.swift */; };
		B1744D5BD8F5D7413AE5D51D /* GoalRepository.swift in Sources */ = {isa = PBXBuildFile; fileRef = E99304970548F9E155A3AFEF /* GoalRepository.swift */; };
		B1A549E00CA765F2559355E6 /* CommandPaletteView.swift in Sources */ = {isa = PBXBuildFile; fileRef = 3946D4DD876EC8C0019D2146 /* CommandPaletteView.swift */; };
		B1C4E72AF1378C0246056048 /* SidebarView.swift in Sources */ = {isa = PBXBuildFile; fileRef = 23FF9E7743C9FBCAF7667217 /* SidebarView.swift */; };
		B1D08E276C6E4341229B2E8A /* CalendarViewModel.swift in Sources */ = {isa = PBXBuildFile; fileRef = F7AD76236892A58B2CDDFB53 /* CalendarViewModel.swift */; };
		B210C6E2EE3AFE879666CE9F /* Project.swift in Sources */ = {isa = PBXBuildFile; fileRef = 2981275E34FA2101107FA292 /* Project.swift */; };
		B46252EEB1B64DC19B6365D7 /* Markdown in Frameworks */ = {isa = PBXBuildFile; productRef = D3CDB4066582460FDC2EA31F /* Markdown */; };
		BF3473D74D8B2EA45C433ACA /* GoalViewModel.swift in Sources */ = {isa = PBXBuildFile; fileRef = B4F45DD372513388BAD124BE /* GoalViewModel.swift */; };
		BFC8CF98D81B2AB12018CA05 /* BoardCardView.swift in Sources */ = {isa = PBXBuildFile; fileRef = 941D28CE929417E5996119E8 /* BoardCardView.swift */; };
		BFCF1FD5F8E63CB4D6A96F6C /* Note.swift in Sources */ = {isa = PBXBuildFile; fileRef = 83FC4E8A9CB36889084BB720 /* Note.swift */; };
		C6C0E78DDBA44110C87D397C /* HabitViewModel.swift in Sources */ = {isa = PBXBuildFile; fileRef = A46DA66B34D82FB00C280CD3 /* HabitViewModel.swift */; };
		C7C638E241EF34F6AA1B697A /* WeeklyReview.swift in Sources */ = {isa = PBXBuildFile; fileRef = 9D74CB814DD8A19C6DC68E41 /* WeeklyReview.swift */; };
		C8A64D9CF5F04123AC363C44 /* CalendarDayCell.swift in Sources */ = {isa = PBXBuildFile; fileRef = AC9B5C239F25174804D3A41D /* CalendarDayCell.swift */; };
		D506B0238329699E4BA79283 /* Habit.swift in Sources */ = {isa = PBXBuildFile; fileRef = 62894A0DEF98DD472A06BDA4 /* Habit.swift */; };
		D681C4D8A246AD6623E884CB /* DashboardView.swift in Sources */ = {isa = PBXBuildFile; fileRef = 5D7996BEB5F824DDC7290D93 /* DashboardView.swift */; };
		DB9FE4F2C2D4DE6BAFA5B48A /* HabitRepository.swift in Sources */ = {isa = PBXBuildFile; fileRef = D02552FD518FCC09D372D728 /* HabitRepository.swift */; };
		DD1FDB5BD21A2D6E5035D4D9 /* GRDB in Frameworks */ = {isa = PBXBuildFile; productRef = 7BFF07E72895E8D5A00A33AA /* GRDB */; };
		DEA698199CD03373F905F51C /* CalendarTaskList.swift in Sources */ = {isa = PBXBuildFile; fileRef = 06E43C17D50F0D23D0502364 /* CalendarTaskList.swift */; };
		E64105D6C7B9CC744021508B /* TaskDetailView.swift in Sources */ = {isa = PBXBuildFile; fileRef = 3B2F901A6F53B77FC56D12C5 /* TaskDetailView.swift */; };
		F11C9801932E41221114256A /* TaskViewModel.swift in Sources */ = {isa = PBXBuildFile; fileRef = BBC8775B9A02925C51675434 /* TaskViewModel.swift */; };
		F634E11B81D4EA7982C48D50 /* InitiativeRepository.swift in Sources */ = {isa = PBXBuildFile; fileRef = F3FB23CA0E7F02FB7A011594 /* InitiativeRepository.swift */; };
		F6B876388F610184CFB618D5 /* AddHabitSheet.swift in Sources */ = {isa = PBXBuildFile; fileRef = 5590880879C18EF3F1039C65 /* AddHabitSheet.swift */; };
		F7CDF6B961A8A033D474AAA1 /* TaskRepository.swift in Sources */ = {isa = PBXBuildFile; fileRef = A894369FAEB06E7A2AEBBE65 /* TaskRepository.swift */; };
		F8361F2638D842D999F5FBAE /* HabitCalendarView.swift in Sources */ = {isa = PBXBuildFile; fileRef = 65C57A29AB281467332E1D2B /* HabitCalendarView.swift */; };
		FBC1611F4FECA2A04C5A221A /* PerspectiveViewModel.swift in Sources */ = {isa = PBXBuildFile; fileRef = 7A4976936BA8FE58063C9349 /* PerspectiveViewModel.swift */; };
		FF75055266C03971CFE4C8B6 /* BoardColumn.swift in Sources */ = {isa = PBXBuildFile; fileRef = EB094E62C8244C69EEEA5CDF /* BoardColumn.swift */; };
/* End PBXBuildFile section */

/* Begin PBXFileReference section */
		01A7405BBB89F4217736C827 /* Tag.swift */ = {isa = PBXFileReference; lastKnownFileType = sourcecode.swift; path = Tag.swift; sourceTree = "<group>"; };
		06E43C17D50F0D23D0502364 /* CalendarTaskList.swift */ = {isa = PBXFileReference; lastKnownFileType = sourcecode.swift; path = CalendarTaskList.swift; sourceTree = "<group>"; };
		0B351885485E26E75D2BB8E1 /* Initiative.swift */ = {isa = PBXFileReference; lastKnownFileType = sourcecode.swift; path = Initiative.swift; sourceTree = "<group>"; };
		1376B0523D945E3A0ADDC08C /* GoalTimelineView.swift */ = {isa = PBXFileReference; lastKnownFileType = sourcecode.swift; path = GoalTimelineView.swift; sourceTree = "<group>"; };
		17B0F7EAEFC30E86FFADC75E /* DailyNoteListView.swift */ = {isa = PBXFileReference; lastKnownFileType = sourcecode.swift; path = DailyNoteListView.swift; sourceTree = "<group>"; };
		23FF9E7743C9FBCAF7667217 /* SidebarView.swift */ = {isa = PBXFileReference; lastKnownFileType = sourcecode.swift; path = SidebarView.swift; sourceTree = "<group>"; };
		2868418901094F0FDD151F9E /* HabitDetailView.swift */ = {isa = PBXFileReference; lastKnownFileType = sourcecode.swift; path = HabitDetailView.swift; sourceTree = "<group>"; };
		29696C9590B6F17186B87164 /* WeeklyReviewRepository.swift */ = {isa = PBXFileReference; lastKnownFileType = sourcecode.swift; path = WeeklyReviewRepository.swift; sourceTree = "<group>"; };
		2981275E34FA2101107FA292 /* Project.swift */ = {isa = PBXFileReference; lastKnownFileType = sourcecode.swift; path = Project.swift; sourceTree = "<group>"; };
		2D5213C2B6B81B3AA1DCA1DC /* PerspectiveEditorSheet.swift */ = {isa = PBXFileReference; lastKnownFileType = sourcecode.swift; path = PerspectiveEditorSheet.swift; sourceTree = "<group>"; };
		34D1C4FCD4125F0674872648 /* ProjectListViewModel.swift */ = {isa = PBXFileReference; lastKnownFileType = sourcecode.swift; path = ProjectListViewModel.swift; sourceTree = "<group>"; };
		35445E549CC8C1F0CCD50971 /* GoalDetailView.swift */ = {isa = PBXFileReference; lastKnownFileType = sourcecode.swift; path = GoalDetailView.swift; sourceTree = "<group>"; };
		375124733BB3DD5537EC060F /* ProjectEditorSheet.swift */ = {isa = PBXFileReference; lastKnownFileType = sourcecode.swift; path = ProjectEditorSheet.swift; sourceTree = "<group>"; };
		3946D4DD876EC8C0019D2146 /* CommandPaletteView.swift */ = {isa = PBXFileReference; lastKnownFileType = sourcecode.swift; path = CommandPaletteView.swift; sourceTree = "<group>"; };
		3B2F901A6F53B77FC56D12C5 /* TaskDetailView.swift */ = {isa = PBXFileReference; lastKnownFileType = sourcecode.swift; path = TaskDetailView.swift; sourceTree = "<group>"; };
		450B27AC0E23CD677C79B1E8 /* NoteViewModel.swift */ = {isa = PBXFileReference; lastKnownFileType = sourcecode.swift; path = NoteViewModel.swift; sourceTree = "<group>"; };
		451D85DCA5FF7A519DE1BEFE /* BoardRepository.swift */ = {isa = PBXFileReference; lastKnownFileType = sourcecode.swift; path = BoardRepository.swift; sourceTree = "<group>"; };
		468CA5CFDABB9008DA7C066F /* Forge.entitlements */ = {isa = PBXFileReference; lastKnownFileType = text.plist.entitlements; path = Forge.entitlements; sourceTree = "<group>"; };
		46F0BB2131830DDF96668427 /* BoardColumnView.swift */ = {isa = PBXFileReference; lastKnownFileType = sourcecode.swift; path = BoardColumnView.swift; sourceTree = "<group>"; };
		47F0BA2369A4B22E55A1955E /* MainNavigationView.swift */ = {isa = PBXFileReference; lastKnownFileType = sourcecode.swift; path = MainNavigationView.swift; sourceTree = "<group>"; };
		48A59C2B5C4DCB929E4857DB /* Perspective.swift */ = {isa = PBXFileReference; lastKnownFileType = sourcecode.swift; path = Perspective.swift; sourceTree = "<group>"; };
		521DA2F35106996D8C88AE6D /* AppState.swift */ = {isa = PBXFileReference; lastKnownFileType = sourcecode.swift; path = AppState.swift; sourceTree = "<group>"; };
		5590880879C18EF3F1039C65 /* AddHabitSheet.swift */ = {isa = PBXFileReference; lastKnownFileType = sourcecode.swift; path = AddHabitSheet.swift; sourceTree = "<group>"; };
		5AE8634C12F494AD87C70B67 /* BoardViewModel.swift */ = {isa = PBXFileReference; lastKnownFileType = sourcecode.swift; path = BoardViewModel.swift; sourceTree = "<group>"; };
		5C85B9965E15FA78398221B7 /* ActivityDashboardView.swift */ = {isa = PBXFileReference; lastKnownFileType = sourcecode.swift; path = ActivityDashboardView.swift; sourceTree = "<group>"; };
		5D09D6143A6691645B1AE623 /* ActivityViewModel.swift */ = {isa = PBXFileReference; lastKnownFileType = sourcecode.swift; path = ActivityViewModel.swift; sourceTree = "<group>"; };
		5D7996BEB5F824DDC7290D93 /* DashboardView.swift */ = {isa = PBXFileReference; lastKnownFileType = sourcecode.swift; path = DashboardView.swift; sourceTree = "<group>"; };
		5FCD3160D22525DBF13954EB /* QuickCaptureView.swift */ = {isa = PBXFileReference; lastKnownFileType = sourcecode.swift; path = QuickCaptureView.swift; sourceTree = "<group>"; };
		62894A0DEF98DD472A06BDA4 /* Habit.swift */ = {isa = PBXFileReference; lastKnownFileType = sourcecode.swift; path = Habit.swift; sourceTree = "<group>"; };
		633AFE2C9BBB40A4846525A2 /* TaskListView.swift */ = {isa = PBXFileReference; lastKnownFileType = sourcecode.swift; path = TaskListView.swift; sourceTree = "<group>"; };
		65C57A29AB281467332E1D2B /* HabitCalendarView.swift */ = {isa = PBXFileReference; lastKnownFileType = sourcecode.swift; path = HabitCalendarView.swift; sourceTree = "<group>"; };
		6A0C81D1386108AD0CBF4FB2 /* Board.swift */ = {isa = PBXFileReference; lastKnownFileType = sourcecode.swift; path = Board.swift; sourceTree = "<group>"; };
		73EE41534C4F30FD39153A02 /* AppDatabase.swift */ = {isa = PBXFileReference; lastKnownFileType = sourcecode.swift; path = AppDatabase.swift; sourceTree = "<group>"; };
		749EB54C1D9FD07119776AA4 /* AppDelegate.swift */ = {isa = PBXFileReference; lastKnownFileType = sourcecode.swift; path = AppDelegate.swift; sourceTree = "<group>"; };
		76B0BE0A0036400C5B9C4FEC /* CalendarView.swift */ = {isa = PBXFileReference; lastKnownFileType = sourcecode.swift; path = CalendarView.swift; sourceTree = "<group>"; };
		6F1F96807D133F67411816C7 /* CalendarDetailView.swift */ = {isa = PBXFileReference; lastKnownFileType = sourcecode.swift; path = CalendarDetailView.swift; sourceTree = "<group>"; };
		7DD366B85F2F4A9ABF5D88B4 /* CalendarEvent.swift */ = {isa = PBXFileReference; lastKnownFileType = sourcecode.swift; path = CalendarEvent.swift; sourceTree = "<group>"; };
		363CBDE865F35F031C2C2FDF /* CalendarDayDetailViewModel.swift */ = {isa = PBXFileReference; lastKnownFileType = sourcecode.swift; path = CalendarDayDetailViewModel.swift; sourceTree = "<group>"; };
		9E4CBB2D78659BB0A7A6C20E /* CalendarEventProvider.swift */ = {isa = PBXFileReference; lastKnownFileType = sourcecode.swift; path = CalendarEventProvider.swift; sourceTree = "<group>"; };
		7A4976936BA8FE58063C9349 /* PerspectiveViewModel.swift */ = {isa = PBXFileReference; lastKnownFileType = sourcecode.swift; path = PerspectiveViewModel.swift; sourceTree = "<group>"; };
		83FB21CAF3048C9243E54BDA /* Goal.swift */ = {isa = PBXFileReference; lastKnownFileType = sourcecode.swift; path = Goal.swift; sourceTree = "<group>"; };
		83FC4E8A9CB36889084BB720 /* Note.swift */ = {isa = PBXFileReference; lastKnownFileType = sourcecode.swift; path = Note.swift; sourceTree = "<group>"; };
		885AB0F1C5D6FBBEBB752F60 /* WeeklyReviewView.swift */ = {isa = PBXFileReference; lastKnownFileType = sourcecode.swift; path = WeeklyReviewView.swift; sourceTree = "<group>"; };
		8A2AF49B05D8CD4238B5C9A6 /* BoardView.swift */ = {isa = PBXFileReference; lastKnownFileType = sourcecode.swift; path = BoardView.swift; sourceTree = "<group>"; };
		8CCC4FCC8470AADC64681337 /* ActivityLog.swift */ = {isa = PBXFileReference; lastKnownFileType = sourcecode.swift; path = ActivityLog.swift; sourceTree = "<group>"; };
		941D28CE929417E5996119E8 /* BoardCardView.swift */ = {isa = PBXFileReference; lastKnownFileType = sourcecode.swift; path = BoardCardView.swift; sourceTree = "<group>"; };
		98D750D9941DC3B966BFAE8C /* GoalListView.swift */ = {isa = PBXFileReference; lastKnownFileType = sourcecode.swift; path = GoalListView.swift; sourceTree = "<group>"; };
		9970950CF60ED459690300C4 /* AppCategoryPicker.swift */ = {isa = PBXFileReference; lastKnownFileType = sourcecode.swift; path = AppCategoryPicker.swift; sourceTree = "<group>"; };
		9CAF136A2212C7BAAD8461CD /* ForgeApp.swift */ = {isa = PBXFileReference; lastKnownFileType = sourcecode.swift; path = ForgeApp.swift; sourceTree = "<group>"; };
		9D74CB814DD8A19C6DC68E41 /* WeeklyReview.swift */ = {isa = PBXFileReference; lastKnownFileType = sourcecode.swift; path = WeeklyReview.swift; sourceTree = "<group>"; };
		A46DA66B34D82FB00C280CD3 /* HabitViewModel.swift */ = {isa = PBXFileReference; lastKnownFileType = sourcecode.swift; path = HabitViewModel.swift; sourceTree = "<group>"; };
		A894369FAEB06E7A2AEBBE65 /* TaskRepository.swift */ = {isa = PBXFileReference; lastKnownFileType = sourcecode.swift; path = TaskRepository.swift; sourceTree = "<group>"; };
		A8BC687225BC30388FC3D4E3 /* NoteRepository.swift */ = {isa = PBXFileReference; lastKnownFileType = sourcecode.swift; path = NoteRepository.swift; sourceTree = "<group>"; };
		AC9B5C239F25174804D3A41D /* CalendarDayCell.swift */ = {isa = PBXFileReference; lastKnownFileType = sourcecode.swift; path = CalendarDayCell.swift; sourceTree = "<group>"; };
		AF2DBB9C6A755401F09769D3 /* PerspectiveRepository.swift */ = {isa = PBXFileReference; lastKnownFileType = sourcecode.swift; path = PerspectiveRepository.swift; sourceTree = "<group>"; };
		B4F45DD372513388BAD124BE /* GoalViewModel.swift */ = {isa = PBXFileReference; lastKnownFileType = sourcecode.swift; path = GoalViewModel.swift; sourceTree = "<group>"; };
		B7CFE4764071A137C085A532 /* TaskRowView.swift */ = {isa = PBXFileReference; lastKnownFileType = sourcecode.swift; path = TaskRowView.swift; sourceTree = "<group>"; };
		BBC8775B9A02925C51675434 /* TaskViewModel.swift */ = {isa = PBXFileReference; lastKnownFileType = sourcecode.swift; path = TaskViewModel.swift; sourceTree = "<group>"; };
		BF96827859B3AEB7B883C261 /* Info.plist */ = {isa = PBXFileReference; lastKnownFileType = text.plist; path = Info.plist; sourceTree = "<group>"; };
		BF9E1733A23C3F3DF8D7B83F /* Color+Hex.swift */ = {isa = PBXFileReference; lastKnownFileType = sourcecode.swift; path = "Color+Hex.swift"; sourceTree = "<group>"; };
		C13F5670A09A2A0B26559983 /* VimOperators.swift */ = {isa = PBXFileReference; lastKnownFileType = sourcecode.swift; path = VimOperators.swift; sourceTree = "<group>"; };
		C2E13FFCF8D5562CDCC5BADE /* PerspectiveTaskListView.swift */ = {isa = PBXFileReference; lastKnownFileType = sourcecode.swift; path = PerspectiveTaskListView.swift; sourceTree = "<group>"; };
		C3183219A70211E0737DFDF9 /* HabitRowView.swift */ = {isa = PBXFileReference; lastKnownFileType = sourcecode.swift; path = HabitRowView.swift; sourceTree = "<group>"; };
		C36768F7CC18F5268DC6FC16 /* InitiativeDetailView.swift */ = {isa = PBXFileReference; lastKnownFileType = sourcecode.swift; path = InitiativeDetailView.swift; sourceTree = "<group>"; };
		C4C34D9EC5956D72B5FC2730 /* VimMotions.swift */ = {isa = PBXFileReference; lastKnownFileType = sourcecode.swift; path = VimMotions.swift; sourceTree = "<group>"; };
		C6876C7CDFECDF1AA0DEB5EA /* ProjectRepository.swift */ = {isa = PBXFileReference; lastKnownFileType = sourcecode.swift; path = ProjectRepository.swift; sourceTree = "<group>"; };
		CC4FD49B9F0E4B339A05E56E /* Task.swift */ = {isa = PBXFileReference; lastKnownFileType = sourcecode.swift; path = Task.swift; sourceTree = "<group>"; };
		D02552FD518FCC09D372D728 /* HabitRepository.swift */ = {isa = PBXFileReference; lastKnownFileType = sourcecode.swift; path = HabitRepository.swift; sourceTree = "<group>"; };
		D4FD47EACD0A645BDC107302 /* MarkdownEditorView.swift */ = {isa = PBXFileReference; lastKnownFileType = sourcecode.swift; path = MarkdownEditorView.swift; sourceTree = "<group>"; };
		E02791D6B9D9977B35063DBA /* TagRepository.swift */ = {isa = PBXFileReference; lastKnownFileType = sourcecode.swift; path = TagRepository.swift; sourceTree = "<group>"; };
		E465A9E6BE8CBC6C8D286ECB /* NoteListView.swift */ = {isa = PBXFileReference; lastKnownFileType = sourcecode.swift; path = NoteListView.swift; sourceTree = "<group>"; };
		E99304970548F9E155A3AFEF /* GoalRepository.swift */ = {isa = PBXFileReference; lastKnownFileType = sourcecode.swift; path = GoalRepository.swift; sourceTree = "<group>"; };
		EAD57FE43439B2C292022C07 /* Forge.app */ = {isa = PBXFileReference; explicitFileType = wrapper.application; includeInIndex = 0; path = Forge.app; sourceTree = BUILT_PRODUCTS_DIR; };
		EB094E62C8244C69EEEA5CDF /* BoardColumn.swift */ = {isa = PBXFileReference; lastKnownFileType = sourcecode.swift; path = BoardColumn.swift; sourceTree = "<group>"; };
		EB95D886C3DC1F76925C2FD6 /* WeeklyReviewViewModel.swift */ = {isa = PBXFileReference; lastKnownFileType = sourcecode.swift; path = WeeklyReviewViewModel.swift; sourceTree = "<group>"; };
		EEC991B8564280477D16A8D5 /* VimState.swift */ = {isa = PBXFileReference; lastKnownFileType = sourcecode.swift; path = VimState.swift; sourceTree = "<group>"; };
		EED15E2D2E12EA92FE5821F2 /* HabitListView.swift */ = {isa = PBXFileReference; lastKnownFileType = sourcecode.swift; path = HabitListView.swift; sourceTree = "<group>"; };
		F26FF852ECF3AE6D3BEB8248 /* ActivityMonitor.swift */ = {isa = PBXFileReference; lastKnownFileType = sourcecode.swift; path = ActivityMonitor.swift; sourceTree = "<group>"; };
		F3FB23CA0E7F02FB7A011594 /* InitiativeRepository.swift */ = {isa = PBXFileReference; lastKnownFileType = sourcecode.swift; path = InitiativeRepository.swift; sourceTree = "<group>"; };
		F7AD76236892A58B2CDDFB53 /* CalendarViewModel.swift */ = {isa = PBXFileReference; lastKnownFileType = sourcecode.swift; path = CalendarViewModel.swift; sourceTree = "<group>"; };
		F911FFBCA04F273A2AE83165 /* ActivityRepository.swift */ = {isa = PBXFileReference; lastKnownFileType = sourcecode.swift; path = ActivityRepository.swift; sourceTree = "<group>"; };
/* End PBXFileReference section */

/* Begin PBXFrameworksBuildPhase section */
		08B31B6D773D6982551855DF /* Frameworks */ = {
			isa = PBXFrameworksBuildPhase;
			buildActionMask = 2147483647;
			files = (
				DD1FDB5BD21A2D6E5035D4D9 /* GRDB in Frameworks */,
				5E45070F9EA3C6438A9B60E6 /* KeyboardShortcuts in Frameworks */,
				B46252EEB1B64DC19B6365D7 /* Markdown in Frameworks */,
				05C96E467E743790C36C002E /* MarkdownUI in Frameworks */,
			);
			runOnlyForDeploymentPostprocessing = 0;
		};
/* End PBXFrameworksBuildPhase section */

/* Begin PBXGroup section */
		09B662F9830B9E42AFB0DCBA /* ViewModels */ = {
			isa = PBXGroup;
			children = (
				7A4976936BA8FE58063C9349 /* PerspectiveViewModel.swift */,
			);
			path = ViewModels;
			sourceTree = "<group>";
		};
		0A2A64CFCCDE23D45B24B07B /* ViewModels */ = {
			isa = PBXGroup;
			children = (
				F7AD76236892A58B2CDDFB53 /* CalendarViewModel.swift */,
				363CBDE865F35F031C2C2FDF /* CalendarDayDetailViewModel.swift */,
			);
			path = ViewModels;
			sourceTree = "<group>";
		};
		0F702D02BAF0FF66E77F248D /* Tasks */ = {
			isa = PBXGroup;
			children = (
				2D0026BAD890F8E8303EA6F8 /* ViewModels */,
				2FE2A3B5508A363579651606 /* Views */,
			);
			path = Tasks;
			sourceTree = "<group>";
		};
		1615EEA2B6210460CF475C42 /* Notes */ = {
			isa = PBXGroup;
			children = (
				FC9D8CACB26057612E02D710 /* Editor */,
				359AD8100D2EECAFD22CA197 /* ViewModels */,
				B58ACCD331CE5601BAE9DE3C /* Views */,
				344962EE080EC3BFAF51585D /* VimEngine */,
			);
			path = Notes;
			sourceTree = "<group>";
		};
		173AED9053062EFEDE5BF85B /* Views */ = {
			isa = PBXGroup;
			children = (
				5D7996BEB5F824DDC7290D93 /* DashboardView.swift */,
			);
			path = Views;
			sourceTree = "<group>";
		};
		28EAE9A5DABF1CDE02A2F4B2 /* ViewModels */ = {
			isa = PBXGroup;
			children = (
				B4F45DD372513388BAD124BE /* GoalViewModel.swift */,
			);
			path = ViewModels;
			sourceTree = "<group>";
		};
		2D0026BAD890F8E8303EA6F8 /* ViewModels */ = {
			isa = PBXGroup;
			children = (
				BBC8775B9A02925C51675434 /* TaskViewModel.swift */,
			);
			path = ViewModels;
			sourceTree = "<group>";
		};
		2DC38342712AF4856BFF2E16 /* Views */ = {
			isa = PBXGroup;
			children = (
				941D28CE929417E5996119E8 /* BoardCardView.swift */,
				46F0BB2131830DDF96668427 /* BoardColumnView.swift */,
				8A2AF49B05D8CD4238B5C9A6 /* BoardView.swift */,
			);
			path = Views;
			sourceTree = "<group>";
		};
		2FE2A3B5508A363579651606 /* Views */ = {
			isa = PBXGroup;
			children = (
				3B2F901A6F53B77FC56D12C5 /* TaskDetailView.swift */,
				633AFE2C9BBB40A4846525A2 /* TaskListView.swift */,
				B7CFE4764071A137C085A532 /* TaskRowView.swift */,
			);
			path = Views;
			sourceTree = "<group>";
		};
		330745FCF170AA50591B1DD7 /* Models */ = {
			isa = PBXGroup;
			children = (
				8CCC4FCC8470AADC64681337 /* ActivityLog.swift */,
				6A0C81D1386108AD0CBF4FB2 /* Board.swift */,
				EB094E62C8244C69EEEA5CDF /* BoardColumn.swift */,
				83FB21CAF3048C9243E54BDA /* Goal.swift */,
				62894A0DEF98DD472A06BDA4 /* Habit.swift */,
				0B351885485E26E75D2BB8E1 /* Initiative.swift */,
				83FC4E8A9CB36889084BB720 /* Note.swift */,
				48A59C2B5C4DCB929E4857DB /* Perspective.swift */,
				2981275E34FA2101107FA292 /* Project.swift */,
				01A7405BBB89F4217736C827 /* Tag.swift */,
				CC4FD49B9F0E4B339A05E56E /* Task.swift */,
				9D74CB814DD8A19C6DC68E41 /* WeeklyReview.swift */,
			);
			path = Models;
			sourceTree = "<group>";
		};
		344962EE080EC3BFAF51585D /* VimEngine */ = {
			isa = PBXGroup;
			children = (
				C4C34D9EC5956D72B5FC2730 /* VimMotions.swift */,
				C13F5670A09A2A0B26559983 /* VimOperators.swift */,
				EEC991B8564280477D16A8D5 /* VimState.swift */,
			);
			path = VimEngine;
			sourceTree = "<group>";
		};
		359AD8100D2EECAFD22CA197 /* ViewModels */ = {
			isa = PBXGroup;
			children = (
				450B27AC0E23CD677C79B1E8 /* NoteViewModel.swift */,
			);
			path = ViewModels;
			sourceTree = "<group>";
		};
		39004B84DD7AC4A959691EDE /* MenuBar */ = {
			isa = PBXGroup;
			children = (
			);
			path = MenuBar;
			sourceTree = "<group>";
		};
		3AD506A677AAB0AA8BA6286D /* Core */ = {
			isa = PBXGroup;
			children = (
				666A880F3988EBFDB15C17FE /* Database */,
				330745FCF170AA50591B1DD7 /* Models */,
				CC894CC3D4BF7DA1BE693DC1 /* Services */,
			);
			path = Core;
			sourceTree = "<group>";
		};
		41C0AEC32001AE1EA2640441 /* Resources */ = {
			isa = PBXGroup;
			children = (
				468CA5CFDABB9008DA7C066F /* Forge.entitlements */,
				BF96827859B3AEB7B883C261 /* Info.plist */,
			);
			path = Resources;
			sourceTree = "<group>";
		};
		44F5369F81D0146A195CC2DD /* Extensions */ = {
			isa = PBXGroup;
			children = (
				BF9E1733A23C3F3DF8D7B83F /* Color+Hex.swift */,
			);
			path = Extensions;
			sourceTree = "<group>";
		};
		45AE11684E4DF6AEA85015F9 /* Components */ = {
			isa = PBXGroup;
			children = (
				E31F4561CE080713592ECFD0 /* CommandPalette */,
				77DFC0BB063A17627A68E18E /* QuickCapture */,
			);
			path = Components;
			sourceTree = "<group>";
		};
		4974DC7FBF404D4FAF8FC8B4 /* ViewModels */ = {
			isa = PBXGroup;
			children = (
				34D1C4FCD4125F0674872648 /* ProjectListViewModel.swift */,
			);
			path = ViewModels;
			sourceTree = "<group>";
		};
		4D92E0C67E2F7B85FC426E2E /* Products */ = {
			isa = PBXGroup;
			children = (
				EAD57FE43439B2C292022C07 /* Forge.app */,
			);
			name = Products;
			sourceTree = "<group>";
		};
		500569A90E834A5E074DDE51 /* VimEngine */ = {
			isa = PBXGroup;
			children = (
			);
			path = VimEngine;
			sourceTree = "<group>";
		};
		562E46F893DD5620C4A58474 /* Views */ = {
			isa = PBXGroup;
			children = (
				5590880879C18EF3F1039C65 /* AddHabitSheet.swift */,
				65C57A29AB281467332E1D2B /* HabitCalendarView.swift */,
				2868418901094F0FDD151F9E /* HabitDetailView.swift */,
				EED15E2D2E12EA92FE5821F2 /* HabitListView.swift */,
				C3183219A70211E0737DFDF9 /* HabitRowView.swift */,
			);
			path = Views;
			sourceTree = "<group>";
		};
		5E4DEA0037579DAB2C6D25C6 /* Shared */ = {
			isa = PBXGroup;
			children = (
				45AE11684E4DF6AEA85015F9 /* Components */,
				44F5369F81D0146A195CC2DD /* Extensions */,
				EFD45DC3AFF6454D4E52D989 /* Navigation */,
			);
			path = Shared;
			sourceTree = "<group>";
		};
		60BD7265582D10657C968C6B /* ViewModels */ = {
			isa = PBXGroup;
			children = (
				5D09D6143A6691645B1AE623 /* ActivityViewModel.swift */,
			);
			path = ViewModels;
			sourceTree = "<group>";
		};
		666A880F3988EBFDB15C17FE /* Database */ = {
			isa = PBXGroup;
			children = (
				A33715EBFD96C7E32E023684 /* Repositories */,
				73EE41534C4F30FD39153A02 /* AppDatabase.swift */,
			);
			path = Database;
			sourceTree = "<group>";
		};
		71B47E759D58AA08882D4038 /* Views */ = {
			isa = PBXGroup;
			children = (
				AC9B5C239F25174804D3A41D /* CalendarDayCell.swift */,
				06E43C17D50F0D23D0502364 /* CalendarTaskList.swift */,
				76B0BE0A0036400C5B9C4FEC /* CalendarView.swift */,
				6F1F96807D133F67411816C7 /* CalendarDetailView.swift */,
			);
			path = Views;
			sourceTree = "<group>";
		};
		728C5D9552A8B915D9E002B1 /* Models */ = {
			isa = PBXGroup;
			children = (
				7DD366B85F2F4A9ABF5D88B4 /* CalendarEvent.swift */,
			);
			path = Models;
			sourceTree = "<group>";
		};
		7532A636F8D2D26436DEB6A5 /* Services */ = {
			isa = PBXGroup;
			children = (
				9E4CBB2D78659BB0A7A6C20E /* CalendarEventProvider.swift */,
			);
			path = Services;
			sourceTree = "<group>";
		};
		742B806642DA5963D187E441 /* Habits */ = {
			isa = PBXGroup;
			children = (
				BC5FD90668C394D09116296E /* ViewModels */,
				562E46F893DD5620C4A58474 /* Views */,
			);
			path = Habits;
			sourceTree = "<group>";
		};
		77DFC0BB063A17627A68E18E /* QuickCapture */ = {
			isa = PBXGroup;
			children = (
				5FCD3160D22525DBF13954EB /* QuickCaptureView.swift */,
			);
			path = QuickCapture;
			sourceTree = "<group>";
		};
		883971F4A594A3034B204245 /* ViewModels */ = {
			isa = PBXGroup;
			children = (
				EB95D886C3DC1F76925C2FD6 /* WeeklyReviewViewModel.swift */,
			);
			path = ViewModels;
			sourceTree = "<group>";
		};
		897782399A22FFCD2AC8F34B /* Views */ = {
			isa = PBXGroup;
			children = (
				375124733BB3DD5537EC060F /* ProjectEditorSheet.swift */,
			);
			path = Views;
			sourceTree = "<group>";
		};
		955FF6D1912BEB62014600B7 /* Views */ = {
			isa = PBXGroup;
			children = (
				885AB0F1C5D6FBBEBB752F60 /* WeeklyReviewView.swift */,
			);
			path = Views;
			sourceTree = "<group>";
		};
		9A59DDE9C280D70D8EE90E36 /* WeeklyReview */ = {
			isa = PBXGroup;
			children = (
				883971F4A594A3034B204245 /* ViewModels */,
				955FF6D1912BEB62014600B7 /* Views */,
			);
			path = WeeklyReview;
			sourceTree = "<group>";
		};
		A33715EBFD96C7E32E023684 /* Repositories */ = {
			isa = PBXGroup;
			children = (
				F911FFBCA04F273A2AE83165 /* ActivityRepository.swift */,
				451D85DCA5FF7A519DE1BEFE /* BoardRepository.swift */,
				E99304970548F9E155A3AFEF /* GoalRepository.swift */,
				D02552FD518FCC09D372D728 /* HabitRepository.swift */,
				F3FB23CA0E7F02FB7A011594 /* InitiativeRepository.swift */,
				A8BC687225BC30388FC3D4E3 /* NoteRepository.swift */,
				AF2DBB9C6A755401F09769D3 /* PerspectiveRepository.swift */,
				C6876C7CDFECDF1AA0DEB5EA /* ProjectRepository.swift */,
				E02791D6B9D9977B35063DBA /* TagRepository.swift */,
				A894369FAEB06E7A2AEBBE65 /* TaskRepository.swift */,
				29696C9590B6F17186B87164 /* WeeklyReviewRepository.swift */,
			);
			path = Repositories;
			sourceTree = "<group>";
		};
		A9F5995E185AFFE38D92DC5A /* Projects */ = {
			isa = PBXGroup;
			children = (
				4974DC7FBF404D4FAF8FC8B4 /* ViewModels */,
				897782399A22FFCD2AC8F34B /* Views */,
			);
			path = Projects;
			sourceTree = "<group>";
		};
		AA3944EF80CF723DBBB01291 /* Activity */ = {
			isa = PBXGroup;
			children = (
				60BD7265582D10657C968C6B /* ViewModels */,
				BF220D4DE439C824E748B907 /* Views */,
			);
			path = Activity;
			sourceTree = "<group>";
		};
		ADC0D26F66EFE7D3E03AF0D7 /* Features */ = {
			isa = PBXGroup;
			children = (
				AA3944EF80CF723DBBB01291 /* Activity */,
				EF253B43ABC9D616C0152932 /* Calendar */,
				B47A2250CA42A2CCB6859B1E /* Dashboard */,
				C4774322C5E9AF06ED7CB6CD /* Goals */,
				742B806642DA5963D187E441 /* Habits */,
				B05748A652304DE10E93BCE7 /* Kanban */,
				1615EEA2B6210460CF475C42 /* Notes */,
				BB881410F3CA52D50421A8CF /* Perspectives */,
				A9F5995E185AFFE38D92DC5A /* Projects */,
				0F702D02BAF0FF66E77F248D /* Tasks */,
				9A59DDE9C280D70D8EE90E36 /* WeeklyReview */,
			);
			path = Features;
			sourceTree = "<group>";
		};
		B05748A652304DE10E93BCE7 /* Kanban */ = {
			isa = PBXGroup;
			children = (
				B3BAFC821DCF4429AB18A504 /* ViewModels */,
				2DC38342712AF4856BFF2E16 /* Views */,
			);
			path = Kanban;
			sourceTree = "<group>";
		};
		B3BAFC821DCF4429AB18A504 /* ViewModels */ = {
			isa = PBXGroup;
			children = (
				5AE8634C12F494AD87C70B67 /* BoardViewModel.swift */,
			);
			path = ViewModels;
			sourceTree = "<group>";
		};
		B47A2250CA42A2CCB6859B1E /* Dashboard */ = {
			isa = PBXGroup;
			children = (
				173AED9053062EFEDE5BF85B /* Views */,
			);
			path = Dashboard;
			sourceTree = "<group>";
		};
		B58ACCD331CE5601BAE9DE3C /* Views */ = {
			isa = PBXGroup;
			children = (
				17B0F7EAEFC30E86FFADC75E /* DailyNoteListView.swift */,
				D4FD47EACD0A645BDC107302 /* MarkdownEditorView.swift */,
				E465A9E6BE8CBC6C8D286ECB /* NoteListView.swift */,
			);
			path = Views;
			sourceTree = "<group>";
		};
		BB881410F3CA52D50421A8CF /* Perspectives */ = {
			isa = PBXGroup;
			children = (
				09B662F9830B9E42AFB0DCBA /* ViewModels */,
				E9193D13FCA1A813A7744733 /* Views */,
			);
			path = Perspectives;
			sourceTree = "<group>";
		};
		BC5FD90668C394D09116296E /* ViewModels */ = {
			isa = PBXGroup;
			children = (
				A46DA66B34D82FB00C280CD3 /* HabitViewModel.swift */,
			);
			path = ViewModels;
			sourceTree = "<group>";
		};
		BF220D4DE439C824E748B907 /* Views */ = {
			isa = PBXGroup;
			children = (
				5C85B9965E15FA78398221B7 /* ActivityDashboardView.swift */,
				9970950CF60ED459690300C4 /* AppCategoryPicker.swift */,
			);
			path = Views;
			sourceTree = "<group>";
		};
		C4774322C5E9AF06ED7CB6CD /* Goals */ = {
			isa = PBXGroup;
			children = (
				28EAE9A5DABF1CDE02A2F4B2 /* ViewModels */,
				F11BF04E5945036194906EBC /* Views */,
			);
			path = Goals;
			sourceTree = "<group>";
		};
		CC894CC3D4BF7DA1BE693DC1 /* Services */ = {
			isa = PBXGroup;
			children = (
				F26FF852ECF3AE6D3BEB8248 /* ActivityMonitor.swift */,
			);
			path = Services;
			sourceTree = "<group>";
		};
		DD5E2466335F3E5F02761415 /* Forge */ = {
			isa = PBXGroup;
			children = (
				F58E162190EDFBD34CC2D4B6 /* App */,
				3AD506A677AAB0AA8BA6286D /* Core */,
				ADC0D26F66EFE7D3E03AF0D7 /* Features */,
				39004B84DD7AC4A959691EDE /* MenuBar */,
				41C0AEC32001AE1EA2640441 /* Resources */,
				5E4DEA0037579DAB2C6D25C6 /* Shared */,
			);
			path = Forge;
			sourceTree = "<group>";
		};
		E31F4561CE080713592ECFD0 /* CommandPalette */ = {
			isa = PBXGroup;
			children = (
				3946D4DD876EC8C0019D2146 /* CommandPaletteView.swift */,
			);
			path = CommandPalette;
			sourceTree = "<group>";
		};
		E9193D13FCA1A813A7744733 /* Views */ = {
			isa = PBXGroup;
			children = (
				2D5213C2B6B81B3AA1DCA1DC /* PerspectiveEditorSheet.swift */,
				C2E13FFCF8D5562CDCC5BADE /* PerspectiveTaskListView.swift */,
			);
			path = Views;
			sourceTree = "<group>";
		};
		EF253B43ABC9D616C0152932 /* Calendar */ = {
			isa = PBXGroup;
			children = (
				7532A636F8D2D26436DEB6A5 /* Services */,
				728C5D9552A8B915D9E002B1 /* Models */,
				0A2A64CFCCDE23D45B24B07B /* ViewModels */,
				71B47E759D58AA08882D4038 /* Views */,
			);
			path = Calendar;
			sourceTree = "<group>";
		};
		EFCB33EBE3812EE38333409F = {
			isa = PBXGroup;
			children = (
				DD5E2466335F3E5F02761415 /* Forge */,
				4D92E0C67E2F7B85FC426E2E /* Products */,
			);
			sourceTree = "<group>";
		};
		EFD45DC3AFF6454D4E52D989 /* Navigation */ = {
			isa = PBXGroup;
			children = (
				47F0BA2369A4B22E55A1955E /* MainNavigationView.swift */,
				23FF9E7743C9FBCAF7667217 /* SidebarView.swift */,
			);
			path = Navigation;
			sourceTree = "<group>";
		};
		F11BF04E5945036194906EBC /* Views */ = {
			isa = PBXGroup;
			children = (
				35445E549CC8C1F0CCD50971 /* GoalDetailView.swift */,
				98D750D9941DC3B966BFAE8C /* GoalListView.swift */,
				1376B0523D945E3A0ADDC08C /* GoalTimelineView.swift */,
				C36768F7CC18F5268DC6FC16 /* InitiativeDetailView.swift */,
			);
			path = Views;
			sourceTree = "<group>";
		};
		F58E162190EDFBD34CC2D4B6 /* App */ = {
			isa = PBXGroup;
			children = (
				749EB54C1D9FD07119776AA4 /* AppDelegate.swift */,
				521DA2F35106996D8C88AE6D /* AppState.swift */,
				9CAF136A2212C7BAAD8461CD /* ForgeApp.swift */,
			);
			path = App;
			sourceTree = "<group>";
		};
		FC9D8CACB26057612E02D710 /* Editor */ = {
			isa = PBXGroup;
			children = (
				500569A90E834A5E074DDE51 /* VimEngine */,
			);
			path = Editor;
			sourceTree = "<group>";
		};
/* End PBXGroup section */

/* Begin PBXNativeTarget section */
		B86A17B415789897E93F9B10 /* Forge */ = {
			isa = PBXNativeTarget;
			buildConfigurationList = 14C3B2F58A3E154141422499 /* Build configuration list for PBXNativeTarget "Forge" */;
			buildPhases = (
				54A6215C61489CB2E4C48797 /* Sources */,
				08B31B6D773D6982551855DF /* Frameworks */,
			);
			buildRules = (
			);
			dependencies = (
			);
			name = Forge;
			packageProductDependencies = (
				7BFF07E72895E8D5A00A33AA /* GRDB */,
				22B3F54939D8563083E5E398 /* KeyboardShortcuts */,
				D3CDB4066582460FDC2EA31F /* Markdown */,
				2143775E5273D56196A96D54 /* MarkdownUI */,
			);
			productName = Forge;
			productReference = EAD57FE43439B2C292022C07 /* Forge.app */;
			productType = "com.apple.product-type.application";
		};
/* End PBXNativeTarget section */

/* Begin PBXProject section */
		DD0290201C0E580E7A86156E /* Project object */ = {
			isa = PBXProject;
			attributes = {
				BuildIndependentTargetsInParallel = YES;
				LastUpgradeCheck = 1500;
				TargetAttributes = {
					B86A17B415789897E93F9B10 = {
						DevelopmentTeam = "";
						ProvisioningStyle = Automatic;
					};
				};
			};
			buildConfigurationList = 6CD494A99F804B5C2D6C9DD2 /* Build configuration list for PBXProject "Forge" */;
			compatibilityVersion = "Xcode 14.0";
			developmentRegion = en;
			hasScannedForEncodings = 0;
			knownRegions = (
				Base,
				en,
			);
			mainGroup = EFCB33EBE3812EE38333409F;
			minimizedProjectReferenceProxies = 1;
			packageReferences = (
				C33D4E840709EF1D61885A2F /* XCRemoteSwiftPackageReference "GRDB.swift" */,
				D2C26F7A04E91A76517113BA /* XCRemoteSwiftPackageReference "KeyboardShortcuts" */,
				4CD1C8D43332627C630AC406 /* XCRemoteSwiftPackageReference "swift-markdown" */,
				56EFEC57A5131C06CBC12330 /* XCRemoteSwiftPackageReference "swift-markdown-ui" */,
			);
			preferredProjectObjectVersion = 77;
			projectDirPath = "";
			projectRoot = "";
			targets = (
				B86A17B415789897E93F9B10 /* Forge */,
			);
		};
/* End PBXProject section */

/* Begin PBXSourcesBuildPhase section */
		54A6215C61489CB2E4C48797 /* Sources */ = {
			isa = PBXSourcesBuildPhase;
			buildActionMask = 2147483647;
			files = (
				8B049FBC450AB53F586EE7BC /* ActivityDashboardView.swift in Sources */,
				B04D1337BC5953A5F2DF203C /* ActivityLog.swift in Sources */,
				424C217B19259C102A5DA3D8 /* ActivityMonitor.swift in Sources */,
				4573003708E609331952D454 /* ActivityRepository.swift in Sources */,
				8E46AB1B9AAF1454AC5014DA /* ActivityViewModel.swift in Sources */,
				F6B876388F610184CFB618D5 /* AddHabitSheet.swift in Sources */,
				90747E9F40D3407265FB0B9C /* AppCategoryPicker.swift in Sources */,
				28C9810AFF460DE0AE32404C /* AppDatabase.swift in Sources */,
				4E353DD84E747CCAAC3E9A85 /* AppDelegate.swift in Sources */,
				502E7E2ACCA51C0C78C1C1DB /* AppState.swift in Sources */,
				879EF70DECEEB153D2ABB8B8 /* Board.swift in Sources */,
				BFC8CF98D81B2AB12018CA05 /* BoardCardView.swift in Sources */,
				FF75055266C03971CFE4C8B6 /* BoardColumn.swift in Sources */,
				368BDBD4650B01E316072992 /* BoardColumnView.swift in Sources */,
				998F7E29B7D4B04B7D713277 /* BoardRepository.swift in Sources */,
				48838686A3485A5C5A92BD9D /* BoardView.swift in Sources */,
				89A9FA3FFD2A730C4960E385 /* BoardViewModel.swift in Sources */,
				C8A64D9CF5F04123AC363C44 /* CalendarDayCell.swift in Sources */,
				DEA698199CD03373F905F51C /* CalendarTaskList.swift in Sources */,
				5E79D2FD5F0D15A5A1044D27 /* CalendarEventProvider.swift in Sources */,
				53C736B2E8442922E57E01A7 /* CalendarEvent.swift in Sources */,
				539B1A40AE32A2E9CB65D3CF /* CalendarView.swift in Sources */,
				5B2E9DF72DE3F7769D17BC21 /* CalendarDetailView.swift in Sources */,
				B1D08E276C6E4341229B2E8A /* CalendarViewModel.swift in Sources */,
				5E79D2FC5F0D15A5A1044D27 /* CalendarDayDetailViewModel.swift in Sources */,
				2ADE0ECDF64BA1EA7DEBD8F0 /* Color+Hex.swift in Sources */,
				B1A549E00CA765F2559355E6 /* CommandPaletteView.swift in Sources */,
				925193F33AEBA88D51A933EF /* DailyNoteListView.swift in Sources */,
				D681C4D8A246AD6623E884CB /* DashboardView.swift in Sources */,
				23C454AB11A7E777C571ED1D /* ForgeApp.swift in Sources */,
				5964CBC4BF577D59EB102B62 /* Goal.swift in Sources */,
				6533889317C1F9FBE3653976 /* GoalDetailView.swift in Sources */,
				07678012B553FE77AC2B1340 /* GoalListView.swift in Sources */,
				B1744D5BD8F5D7413AE5D51D /* GoalRepository.swift in Sources */,
				70A6772FFDB1CD772B60F4AB /* GoalTimelineView.swift in Sources */,
				BF3473D74D8B2EA45C433ACA /* GoalViewModel.swift in Sources */,
				D506B0238329699E4BA79283 /* Habit.swift in Sources */,
				F8361F2638D842D999F5FBAE /* HabitCalendarView.swift in Sources */,
				42218C9A720958F979399E9B /* HabitDetailView.swift in Sources */,
				3EEC2883D22ECB799240BA63 /* HabitListView.swift in Sources */,
				DB9FE4F2C2D4DE6BAFA5B48A /* HabitRepository.swift in Sources */,
				00B4EF7F4686659A70D04C47 /* HabitRowView.swift in Sources */,
				C6C0E78DDBA44110C87D397C /* HabitViewModel.swift in Sources */,
				8D20406F9D42581BAD23A275 /* Initiative.swift in Sources */,
				737264A9EB1C83A3F4B5F827 /* InitiativeDetailView.swift in Sources */,
				F634E11B81D4EA7982C48D50 /* InitiativeRepository.swift in Sources */,
				B0DB98501F153FC84DD4DAD7 /* MainNavigationView.swift in Sources */,
				00576F27B36B04899EC212A1 /* MarkdownEditorView.swift in Sources */,
				BFCF1FD5F8E63CB4D6A96F6C /* Note.swift in Sources */,
				864DF34E61051D00F5186FCC /* NoteListView.swift in Sources */,
				8C25A796DBD51518CF76B31C /* NoteRepository.swift in Sources */,
				119BA34733EB7E3C43F0BB9D /* NoteViewModel.swift in Sources */,
				6F373EA8C2F8BEF476C23EF9 /* Perspective.swift in Sources */,
				3ECE925910C82F7CB19798BC /* PerspectiveEditorSheet.swift in Sources */,
				7C3FB7B7536E68C47C18C59A /* PerspectiveRepository.swift in Sources */,
				A4CFED7D18B7ACB6A8B9F89E /* PerspectiveTaskListView.swift in Sources */,
				FBC1611F4FECA2A04C5A221A /* PerspectiveViewModel.swift in Sources */,
				B210C6E2EE3AFE879666CE9F /* Project.swift in Sources */,
				56A0A611838A653585AF70C0 /* ProjectEditorSheet.swift in Sources */,
				AFD6C7B57125B2FF275C1637 /* ProjectListViewModel.swift in Sources */,
				4B672E21492B4EFC5CC28A50 /* ProjectRepository.swift in Sources */,
				9E2EDB88BEAD52C7320FC4CB /* QuickCaptureView.swift in Sources */,
				B1C4E72AF1378C0246056048 /* SidebarView.swift in Sources */,
				6E17C0B10410EFF44918F719 /* Tag.swift in Sources */,
				64DAB72160CDD48CA4B5F1AF /* TagRepository.swift in Sources */,
				28E76C9AE2A4C9BB457D2DB4 /* Task.swift in Sources */,
				E64105D6C7B9CC744021508B /* TaskDetailView.swift in Sources */,
				8C587C1CBE212572A3138A01 /* TaskListView.swift in Sources */,
				F7CDF6B961A8A033D474AAA1 /* TaskRepository.swift in Sources */,
				00246FE80FB9081115E35592 /* TaskRowView.swift in Sources */,
				F11C9801932E41221114256A /* TaskViewModel.swift in Sources */,
				212A5D23F7CC1F633E7090BD /* VimMotions.swift in Sources */,
				93ED603F699DD4CF8DFB0A27 /* VimOperators.swift in Sources */,
				598C04F71D90DAF8B9B88556 /* VimState.swift in Sources */,
				C7C638E241EF34F6AA1B697A /* WeeklyReview.swift in Sources */,
				7B4B1B0341CDB16CADC31A64 /* WeeklyReviewRepository.swift in Sources */,
				1FBC73743B90F1D51FC900B9 /* WeeklyReviewView.swift in Sources */,
				2F4F5A5F2BA3EF5ADD4A88E0 /* WeeklyReviewViewModel.swift in Sources */,
			);
			runOnlyForDeploymentPostprocessing = 0;
		};
/* End PBXSourcesBuildPhase section */

/* Begin XCBuildConfiguration section */
		442FDACF09C5FC0D7B846F4F /* Debug */ = {
			isa = XCBuildConfiguration;
			buildSettings = {
				ASSETCATALOG_COMPILER_APPICON_NAME = AppIcon;
				CODE_SIGN_ENTITLEMENTS = Forge/Resources/Forge.entitlements;
				COMBINE_HIDPI_IMAGES = YES;
				ENABLE_HARDENED_RUNTIME = YES;
				INFOPLIST_FILE = Forge/Resources/Info.plist;
				LD_RUNPATH_SEARCH_PATHS = (
					"$(inherited)",
					"@executable_path/../Frameworks",
				);
				PRODUCT_BUNDLE_IDENTIFIER = com.forge.app;
				SDKROOT = macosx;
			};
			name = Debug;
		};
		AF7B7C6608444234562BD549 /* Release */ = {
			isa = XCBuildConfiguration;
			buildSettings = {
				ALWAYS_SEARCH_USER_PATHS = NO;
				CLANG_ANALYZER_NONNULL = YES;
				CLANG_ANALYZER_NUMBER_OBJECT_CONVERSION = YES_AGGRESSIVE;
				CLANG_CXX_LANGUAGE_STANDARD = "gnu++14";
				CLANG_CXX_LIBRARY = "libc++";
				CLANG_ENABLE_MODULES = YES;
				CLANG_ENABLE_OBJC_ARC = YES;
				CLANG_ENABLE_OBJC_WEAK = YES;
				CLANG_WARN_BLOCK_CAPTURE_AUTORELEASING = YES;
				CLANG_WARN_BOOL_CONVERSION = YES;
				CLANG_WARN_COMMA = YES;
				CLANG_WARN_CONSTANT_CONVERSION = YES;
				CLANG_WARN_DEPRECATED_OBJC_IMPLEMENTATIONS = YES;
				CLANG_WARN_DIRECT_OBJC_ISA_USAGE = YES_ERROR;
				CLANG_WARN_DOCUMENTATION_COMMENTS = YES;
				CLANG_WARN_EMPTY_BODY = YES;
				CLANG_WARN_ENUM_CONVERSION = YES;
				CLANG_WARN_INFINITE_RECURSION = YES;
				CLANG_WARN_INT_CONVERSION = YES;
				CLANG_WARN_NON_LITERAL_NULL_CONVERSION = YES;
				CLANG_WARN_OBJC_IMPLICIT_RETAIN_SELF = YES;
				CLANG_WARN_OBJC_LITERAL_CONVERSION = YES;
				CLANG_WARN_OBJC_ROOT_CLASS = YES_ERROR;
				CLANG_WARN_QUOTED_INCLUDE_IN_FRAMEWORK_HEADER = YES;
				CLANG_WARN_RANGE_LOOP_ANALYSIS = YES;
				CLANG_WARN_STRICT_PROTOTYPES = YES;
				CLANG_WARN_SUSPICIOUS_MOVE = YES;
				CLANG_WARN_UNGUARDED_AVAILABILITY = YES_AGGRESSIVE;
				CLANG_WARN_UNREACHABLE_CODE = YES;
				CLANG_WARN__DUPLICATE_METHOD_MATCH = YES;
				CODE_SIGN_IDENTITY = "-";
				CODE_SIGN_STYLE = Automatic;
				COPY_PHASE_STRIP = NO;
				DEBUG_INFORMATION_FORMAT = "dwarf-with-dsym";
				DEVELOPMENT_TEAM = "";
				ENABLE_NS_ASSERTIONS = NO;
				ENABLE_STRICT_OBJC_MSGSEND = YES;
				GCC_C_LANGUAGE_STANDARD = gnu11;
				GCC_NO_COMMON_BLOCKS = YES;
				GCC_WARN_64_TO_32_BIT_CONVERSION = YES;
				GCC_WARN_ABOUT_RETURN_TYPE = YES_ERROR;
				GCC_WARN_UNDECLARED_SELECTOR = YES;
				GCC_WARN_UNINITIALIZED_AUTOS = YES_AGGRESSIVE;
				GCC_WARN_UNUSED_FUNCTION = YES;
				GCC_WARN_UNUSED_VARIABLE = YES;
				MACOSX_DEPLOYMENT_TARGET = 14.0;
				MTL_ENABLE_DEBUG_INFO = NO;
				MTL_FAST_MATH = YES;
				PRODUCT_NAME = "$(TARGET_NAME)";
				SDKROOT = macosx;
				SWIFT_COMPILATION_MODE = wholemodule;
				SWIFT_OPTIMIZATION_LEVEL = "-O";
				SWIFT_VERSION = 5.9;
			};
			name = Release;
		};
		CA5431A0961D90652011889D /* Release */ = {
			isa = XCBuildConfiguration;
			buildSettings = {
				ASSETCATALOG_COMPILER_APPICON_NAME = AppIcon;
				CODE_SIGN_ENTITLEMENTS = Forge/Resources/Forge.entitlements;
				COMBINE_HIDPI_IMAGES = YES;
				ENABLE_HARDENED_RUNTIME = YES;
				INFOPLIST_FILE = Forge/Resources/Info.plist;
				LD_RUNPATH_SEARCH_PATHS = (
					"$(inherited)",
					"@executable_path/../Frameworks",
				);
				PRODUCT_BUNDLE_IDENTIFIER = com.forge.app;
				SDKROOT = macosx;
			};
			name = Release;
		};
		DCC2F712BBF791A5AA4F603C /* Debug */ = {
			isa = XCBuildConfiguration;
			buildSettings = {
				ALWAYS_SEARCH_USER_PATHS = NO;
				CLANG_ANALYZER_NONNULL = YES;
				CLANG_ANALYZER_NUMBER_OBJECT_CONVERSION = YES_AGGRESSIVE;
				CLANG_CXX_LANGUAGE_STANDARD = "gnu++14";
				CLANG_CXX_LIBRARY = "libc++";
				CLANG_ENABLE_MODULES = YES;
				CLANG_ENABLE_OBJC_ARC = YES;
				CLANG_ENABLE_OBJC_WEAK = YES;
				CLANG_WARN_BLOCK_CAPTURE_AUTORELEASING = YES;
				CLANG_WARN_BOOL_CONVERSION = YES;
				CLANG_WARN_COMMA = YES;
				CLANG_WARN_CONSTANT_CONVERSION = YES;
				CLANG_WARN_DEPRECATED_OBJC_IMPLEMENTATIONS = YES;
				CLANG_WARN_DIRECT_OBJC_ISA_USAGE = YES_ERROR;
				CLANG_WARN_DOCUMENTATION_COMMENTS = YES;
				CLANG_WARN_EMPTY_BODY = YES;
				CLANG_WARN_ENUM_CONVERSION = YES;
				CLANG_WARN_INFINITE_RECURSION = YES;
				CLANG_WARN_INT_CONVERSION = YES;
				CLANG_WARN_NON_LITERAL_NULL_CONVERSION = YES;
				CLANG_WARN_OBJC_IMPLICIT_RETAIN_SELF = YES;
				CLANG_WARN_OBJC_LITERAL_CONVERSION = YES;
				CLANG_WARN_OBJC_ROOT_CLASS = YES_ERROR;
				CLANG_WARN_QUOTED_INCLUDE_IN_FRAMEWORK_HEADER = YES;
				CLANG_WARN_RANGE_LOOP_ANALYSIS = YES;
				CLANG_WARN_STRICT_PROTOTYPES = YES;
				CLANG_WARN_SUSPICIOUS_MOVE = YES;
				CLANG_WARN_UNGUARDED_AVAILABILITY = YES_AGGRESSIVE;
				CLANG_WARN_UNREACHABLE_CODE = YES;
				CLANG_WARN__DUPLICATE_METHOD_MATCH = YES;
				CODE_SIGN_IDENTITY = "-";
				CODE_SIGN_STYLE = Automatic;
				COPY_PHASE_STRIP = NO;
				DEBUG_INFORMATION_FORMAT = dwarf;
				DEVELOPMENT_TEAM = "";
				ENABLE_STRICT_OBJC_MSGSEND = YES;
				ENABLE_TESTABILITY = YES;
				GCC_C_LANGUAGE_STANDARD = gnu11;
				GCC_DYNAMIC_NO_PIC = NO;
				GCC_NO_COMMON_BLOCKS = YES;
				GCC_OPTIMIZATION_LEVEL = 0;
				GCC_PREPROCESSOR_DEFINITIONS = (
					"$(inherited)",
					"DEBUG=1",
				);
				GCC_WARN_64_TO_32_BIT_CONVERSION = YES;
				GCC_WARN_ABOUT_RETURN_TYPE = YES_ERROR;
				GCC_WARN_UNDECLARED_SELECTOR = YES;
				GCC_WARN_UNINITIALIZED_AUTOS = YES_AGGRESSIVE;
				GCC_WARN_UNUSED_FUNCTION = YES;
				GCC_WARN_UNUSED_VARIABLE = YES;
				MACOSX_DEPLOYMENT_TARGET = 14.0;
				MTL_ENABLE_DEBUG_INFO = INCLUDE_SOURCE;
				MTL_FAST_MATH = YES;
				ONLY_ACTIVE_ARCH = YES;
				PRODUCT_NAME = "$(TARGET_NAME)";
				SDKROOT = macosx;
				SWIFT_ACTIVE_COMPILATION_CONDITIONS = DEBUG;
				SWIFT_OPTIMIZATION_LEVEL = "-Onone";
				SWIFT_VERSION = 5.9;
			};
			name = Debug;
		};
/* End XCBuildConfiguration section */

/* Begin XCConfigurationList section */
		14C3B2F58A3E154141422499 /* Build configuration list for PBXNativeTarget "Forge" */ = {
			isa = XCConfigurationList;
			buildConfigurations = (
				442FDACF09C5FC0D7B846F4F /* Debug */,
				CA5431A0961D90652011889D /* Release */,
			);
			defaultConfigurationIsVisible = 0;
			defaultConfigurationName = Debug;
		};
		6CD494A99F804B5C2D6C9DD2 /* Build configuration list for PBXProject "Forge" */ = {
			isa = XCConfigurationList;
			buildConfigurations = (
				DCC2F712BBF791A5AA4F603C /* Debug */,
				AF7B7C6608444234562BD549 /* Release */,
			);
			defaultConfigurationIsVisible = 0;
			defaultConfigurationName = Debug;
		};
/* End XCConfigurationList section */

/* Begin XCRemoteSwiftPackageReference section */
		4CD1C8D43332627C630AC406 /* XCRemoteSwiftPackageReference "swift-markdown" */ = {
			isa = XCRemoteSwiftPackageReference;
			repositoryURL = "https://github.com/swiftlang/swift-markdown";
			requirement = {
				kind = upToNextMajorVersion;
				minimumVersion = 0.4.0;
			};
		};
		56EFEC57A5131C06CBC12330 /* XCRemoteSwiftPackageReference "swift-markdown-ui" */ = {
			isa = XCRemoteSwiftPackageReference;
			repositoryURL = "https://github.com/gonzalezreal/swift-markdown-ui";
			requirement = {
				kind = upToNextMajorVersion;
				minimumVersion = 2.0.0;
			};
		};
		C33D4E840709EF1D61885A2F /* XCRemoteSwiftPackageReference "GRDB.swift" */ = {
			isa = XCRemoteSwiftPackageReference;
			repositoryURL = "https://github.com/groue/GRDB.swift";
			requirement = {
				kind = upToNextMajorVersion;
				minimumVersion = 7.0.0;
			};
		};
		D2C26F7A04E91A76517113BA /* XCRemoteSwiftPackageReference "KeyboardShortcuts" */ = {
			isa = XCRemoteSwiftPackageReference;
			repositoryURL = "https://github.com/sindresorhus/KeyboardShortcuts";
			requirement = {
				kind = upToNextMajorVersion;
				minimumVersion = 2.0.0;
			};
		};
/* End XCRemoteSwiftPackageReference section */

/* Begin XCSwiftPackageProductDependency section */
		2143775E5273D56196A96D54 /* MarkdownUI */ = {
			isa = XCSwiftPackageProductDependency;
			package = 56EFEC57A5131C06CBC12330 /* XCRemoteSwiftPackageReference "swift-markdown-ui" */;
			productName = MarkdownUI;
		};
		22B3F54939D8563083E5E398 /* KeyboardShortcuts */ = {
			isa = XCSwiftPackageProductDependency;
			package = D2C26F7A04E91A76517113BA /* XCRemoteSwiftPackageReference "KeyboardShortcuts" */;
			productName = KeyboardShortcuts;
		};
		7BFF07E72895E8D5A00A33AA /* GRDB */ = {
			isa = XCSwiftPackageProductDependency;
			package = C33D4E840709EF1D61885A2F /* XCRemoteSwiftPackageReference "GRDB.swift" */;
			productName = GRDB;
		};
		D3CDB4066582460FDC2EA31F /* Markdown */ = {
			isa = XCSwiftPackageProductDependency;
			package = 4CD1C8D43332627C630AC406 /* XCRemoteSwiftPackageReference "swift-markdown" */;
			productName = Markdown;
		};
/* End XCSwiftPackageProductDependency section */
	};
	rootObject = DD0290201C0E580E7A86156E /* Project object */;
}
